// !$*UTF8*$!
{
	archiveVersion = 1;
	classes = {
	};
	objectVersion = 51;
	objects = {

/* Begin PBXBuildFile section */
		543B3AE74CB6D46C54C316E9 /* Pods_Instagram.framework in Frameworks */ = {isa = PBXBuildFile; fileRef = 009660BB26F3E566FD85F27A /* Pods_Instagram.framework */; };
		864FD82825FAD92B005D9EE8 /* AppDelegate.swift in Sources */ = {isa = PBXBuildFile; fileRef = 864FD82725FAD92B005D9EE8 /* AppDelegate.swift */; };
		864FD82A25FAD92B005D9EE8 /* SceneDelegate.swift in Sources */ = {isa = PBXBuildFile; fileRef = 864FD82925FAD92B005D9EE8 /* SceneDelegate.swift */; };
		864FD82F25FAD92B005D9EE8 /* Main.storyboard in Resources */ = {isa = PBXBuildFile; fileRef = 864FD82D25FAD92B005D9EE8 /* Main.storyboard */; };
		864FD83125FAD92D005D9EE8 /* Assets.xcassets in Resources */ = {isa = PBXBuildFile; fileRef = 864FD83025FAD92D005D9EE8 /* Assets.xcassets */; };
		864FD83425FAD92D005D9EE8 /* LaunchScreen.storyboard in Resources */ = {isa = PBXBuildFile; fileRef = 864FD83225FAD92D005D9EE8 /* LaunchScreen.storyboard */; };
		86DA10FF25FADE8800E81670 /* LoginViewController.swift in Sources */ = {isa = PBXBuildFile; fileRef = 86DA10FE25FADE8800E81670 /* LoginViewController.swift */; };
		86DA110225FADEB300E81670 /* FeedViewController.swift in Sources */ = {isa = PBXBuildFile; fileRef = 86DA110125FADEB300E81670 /* FeedViewController.swift */; };
		86DA110525FAE32400E81670 /* RoundButton.swift in Sources */ = {isa = PBXBuildFile; fileRef = 86DA110425FAE32400E81670 /* RoundButton.swift */; };
		86DA110825FAFC3300E81670 /* CameraViewController.swift in Sources */ = {isa = PBXBuildFile; fileRef = 86DA110725FAFC3300E81670 /* CameraViewController.swift */; };
		86DA111225FC443C00E81670 /* PostCell.swift in Sources */ = {isa = PBXBuildFile; fileRef = 86DA111125FC443C00E81670 /* PostCell.swift */; };
/* End PBXBuildFile section */

/* Begin PBXFileReference section */
		009660BB26F3E566FD85F27A /* Pods_Instagram.framework */ = {isa = PBXFileReference; explicitFileType = wrapper.framework; includeInIndex = 0; path = Pods_Instagram.framework; sourceTree = BUILT_PRODUCTS_DIR; };
		3BBA24FFF1A06065511A747F /* Pods-Instagram.release.xcconfig */ = {isa = PBXFileReference; includeInIndex = 1; lastKnownFileType = text.xcconfig; name = "Pods-Instagram.release.xcconfig"; path = "Target Support Files/Pods-Instagram/Pods-Instagram.release.xcconfig"; sourceTree = "<group>"; };
		864FD82425FAD92B005D9EE8 /* Instagram.app */ = {isa = PBXFileReference; explicitFileType = wrapper.application; includeInIndex = 0; path = Instagram.app; sourceTree = BUILT_PRODUCTS_DIR; };
		864FD82725FAD92B005D9EE8 /* AppDelegate.swift */ = {isa = PBXFileReference; lastKnownFileType = sourcecode.swift; path = AppDelegate.swift; sourceTree = "<group>"; };
		864FD82925FAD92B005D9EE8 /* SceneDelegate.swift */ = {isa = PBXFileReference; lastKnownFileType = sourcecode.swift; path = SceneDelegate.swift; sourceTree = "<group>"; };
		864FD82E25FAD92B005D9EE8 /* Base */ = {isa = PBXFileReference; lastKnownFileType = file.storyboard; name = Base; path = Base.lproj/Main.storyboard; sourceTree = "<group>"; };
		864FD83025FAD92D005D9EE8 /* Assets.xcassets */ = {isa = PBXFileReference; lastKnownFileType = folder.assetcatalog; path = Assets.xcassets; sourceTree = "<group>"; };
		864FD83325FAD92D005D9EE8 /* Base */ = {isa = PBXFileReference; lastKnownFileType = file.storyboard; name = Base; path = Base.lproj/LaunchScreen.storyboard; sourceTree = "<group>"; };
		864FD83525FAD92D005D9EE8 /* Info.plist */ = {isa = PBXFileReference; lastKnownFileType = text.plist.xml; path = Info.plist; sourceTree = "<group>"; };
		86DA10FE25FADE8800E81670 /* LoginViewController.swift */ = {isa = PBXFileReference; lastKnownFileType = sourcecode.swift; path = LoginViewController.swift; sourceTree = "<group>"; };
		86DA110125FADEB300E81670 /* FeedViewController.swift */ = {isa = PBXFileReference; lastKnownFileType = sourcecode.swift; path = FeedViewController.swift; sourceTree = "<group>"; };
		86DA110425FAE32400E81670 /* RoundButton.swift */ = {isa = PBXFileReference; lastKnownFileType = sourcecode.swift; path = RoundButton.swift; sourceTree = "<group>"; };
		86DA110725FAFC3300E81670 /* CameraViewController.swift */ = {isa = PBXFileReference; lastKnownFileType = sourcecode.swift; path = CameraViewController.swift; sourceTree = "<group>"; };
		86DA111125FC443C00E81670 /* PostCell.swift */ = {isa = PBXFileReference; lastKnownFileType = sourcecode.swift; path = PostCell.swift; sourceTree = "<group>"; };
		97756CD50130623CE9C71883 /* Pods-Instagram.debug.xcconfig */ = {isa = PBXFileReference; includeInIndex = 1; lastKnownFileType = text.xcconfig; name = "Pods-Instagram.debug.xcconfig"; path = "Target Support Files/Pods-Instagram/Pods-Instagram.debug.xcconfig"; sourceTree = "<group>"; };
/* End PBXFileReference section */

/* Begin PBXFrameworksBuildPhase section */
		864FD82125FAD92B005D9EE8 /* Frameworks */ = {
			isa = PBXFrameworksBuildPhase;
			buildActionMask = 2147483647;
			files = (
				543B3AE74CB6D46C54C316E9 /* Pods_Instagram.framework in Frameworks */,
			);
			runOnlyForDeploymentPostprocessing = 0;
		};
/* End PBXFrameworksBuildPhase section */

/* Begin PBXGroup section */
		670A5C003146EBA23DB029DA /* Frameworks */ = {
			isa = PBXGroup;
			children = (
				009660BB26F3E566FD85F27A /* Pods_Instagram.framework */,
			);
			name = Frameworks;
			sourceTree = "<group>";
		};
		864FD81B25FAD92B005D9EE8 = {
			isa = PBXGroup;
			children = (
				864FD82625FAD92B005D9EE8 /* Instagram */,
				864FD82525FAD92B005D9EE8 /* Products */,
				B2EE617B63D7B9EBDFA19A49 /* Pods */,
				670A5C003146EBA23DB029DA /* Frameworks */,
			);
			sourceTree = "<group>";
		};
		864FD82525FAD92B005D9EE8 /* Products */ = {
			isa = PBXGroup;
			children = (
				864FD82425FAD92B005D9EE8 /* Instagram.app */,
			);
			name = Products;
			sourceTree = "<group>";
		};
		864FD82625FAD92B005D9EE8 /* Instagram */ = {
			isa = PBXGroup;
			children = (
				864FD82725FAD92B005D9EE8 /* AppDelegate.swift */,
				864FD82925FAD92B005D9EE8 /* SceneDelegate.swift */,
				864FD82D25FAD92B005D9EE8 /* Main.storyboard */,
				864FD83025FAD92D005D9EE8 /* Assets.xcassets */,
				864FD83225FAD92D005D9EE8 /* LaunchScreen.storyboard */,
				864FD83525FAD92D005D9EE8 /* Info.plist */,
				86DA10FE25FADE8800E81670 /* LoginViewController.swift */,
				86DA110125FADEB300E81670 /* FeedViewController.swift */,
				86DA110425FAE32400E81670 /* RoundButton.swift */,
				86DA110725FAFC3300E81670 /* CameraViewController.swift */,
				86DA111125FC443C00E81670 /* PostCell.swift */,
			);
			path = Instagram;
			sourceTree = "<group>";
		};
		B2EE617B63D7B9EBDFA19A49 /* Pods */ = {
			isa = PBXGroup;
			children = (
				97756CD50130623CE9C71883 /* Pods-Instagram.debug.xcconfig */,
				3BBA24FFF1A06065511A747F /* Pods-Instagram.release.xcconfig */,
			);
			path = Pods;
			sourceTree = "<group>";
		};
/* End PBXGroup section */

/* Begin PBXNativeTarget section */
		864FD82325FAD92B005D9EE8 /* Instagram */ = {
			isa = PBXNativeTarget;
			buildConfigurationList = 864FD83825FAD92E005D9EE8 /* Build configuration list for PBXNativeTarget "Instagram" */;
			buildPhases = (
				251495BE5EBE9543D46844FB /* [CP] Check Pods Manifest.lock */,
				864FD82025FAD92B005D9EE8 /* Sources */,
				864FD82125FAD92B005D9EE8 /* Frameworks */,
				864FD82225FAD92B005D9EE8 /* Resources */,
				D290496F409B66EDB4898D98 /* [CP] Embed Pods Frameworks */,
			);
			buildRules = (
			);
			dependencies = (
			);
			name = Instagram;
			productName = Instagram;
			productReference = 864FD82425FAD92B005D9EE8 /* Instagram.app */;
			productType = "com.apple.product-type.application";
		};
/* End PBXNativeTarget section */

/* Begin PBXProject section */
		864FD81C25FAD92B005D9EE8 /* Project object */ = {
			isa = PBXProject;
			attributes = {
				LastSwiftUpdateCheck = 1240;
				LastUpgradeCheck = 1240;
				TargetAttributes = {
					864FD82325FAD92B005D9EE8 = {
						CreatedOnToolsVersion = 12.4;
					};
				};
			};
			buildConfigurationList = 864FD81F25FAD92B005D9EE8 /* Build configuration list for PBXProject "Instagram" */;
			compatibilityVersion = "Xcode 9.3";
			developmentRegion = en;
			hasScannedForEncodings = 0;
			knownRegions = (
				en,
				Base,
			);
			mainGroup = 864FD81B25FAD92B005D9EE8;
			productRefGroup = 864FD82525FAD92B005D9EE8 /* Products */;
			projectDirPath = "";
			projectRoot = "";
			targets = (
				864FD82325FAD92B005D9EE8 /* Instagram */,
			);
		};
/* End PBXProject section */

/* Begin PBXResourcesBuildPhase section */
		864FD82225FAD92B005D9EE8 /* Resources */ = {
			isa = PBXResourcesBuildPhase;
			buildActionMask = 2147483647;
			files = (
				864FD83425FAD92D005D9EE8 /* LaunchScreen.storyboard in Resources */,
				864FD83125FAD92D005D9EE8 /* Assets.xcassets in Resources */,
				864FD82F25FAD92B005D9EE8 /* Main.storyboard in Resources */,
			);
			runOnlyForDeploymentPostprocessing = 0;
		};
/* End PBXResourcesBuildPhase section */

/* Begin PBXShellScriptBuildPhase section */
		251495BE5EBE9543D46844FB /* [CP] Check Pods Manifest.lock */ = {
			isa = PBXShellScriptBuildPhase;
			buildActionMask = 2147483647;
			files = (
			);
			inputFileListPaths = (
			);
			inputPaths = (
				"${PODS_PODFILE_DIR_PATH}/Podfile.lock",
				"${PODS_ROOT}/Manifest.lock",
			);
			name = "[CP] Check Pods Manifest.lock";
			outputFileListPaths = (
			);
			outputPaths = (
				"$(DERIVED_FILE_DIR)/Pods-Instagram-checkManifestLockResult.txt",
			);
			runOnlyForDeploymentPostprocessing = 0;
			shellPath = /bin/sh;
			shellScript = "diff \"${PODS_PODFILE_DIR_PATH}/Podfile.lock\" \"${PODS_ROOT}/Manifest.lock\" > /dev/null\nif [ $? != 0 ] ; then\n    # print error to STDERR\n    echo \"error: The sandbox is not in sync with the Podfile.lock. Run 'pod install' or update your CocoaPods installation.\" >&2\n    exit 1\nfi\n# This output is used by Xcode 'outputs' to avoid re-running this script phase.\necho \"SUCCESS\" > \"${SCRIPT_OUTPUT_FILE_0}\"\n";
			showEnvVarsInLog = 0;
		};
		D290496F409B66EDB4898D98 /* [CP] Embed Pods Frameworks */ = {
			isa = PBXShellScriptBuildPhase;
			buildActionMask = 2147483647;
			files = (
			);
			inputFileListPaths = (
				"${PODS_ROOT}/Target Support Files/Pods-Instagram/Pods-Instagram-frameworks-${CONFIGURATION}-input-files.xcfilelist",
			);
			name = "[CP] Embed Pods Frameworks";
			outputFileListPaths = (
				"${PODS_ROOT}/Target Support Files/Pods-Instagram/Pods-Instagram-frameworks-${CONFIGURATION}-output-files.xcfilelist",
			);
			runOnlyForDeploymentPostprocessing = 0;
			shellPath = /bin/sh;
			shellScript = "\"${PODS_ROOT}/Target Support Files/Pods-Instagram/Pods-Instagram-frameworks.sh\"\n";
			showEnvVarsInLog = 0;
		};
/* End PBXShellScriptBuildPhase section */

/* Begin PBXSourcesBuildPhase section */
		864FD82025FAD92B005D9EE8 /* Sources */ = {
			isa = PBXSourcesBuildPhase;
			buildActionMask = 2147483647;
			files = (
				86DA111225FC443C00E81670 /* PostCell.swift in Sources */,
				86DA10FF25FADE8800E81670 /* LoginViewController.swift in Sources */,
				86DA110525FAE32400E81670 /* RoundButton.swift in Sources */,
				864FD82825FAD92B005D9EE8 /* AppDelegate.swift in Sources */,
				86DA110225FADEB300E81670 /* FeedViewController.swift in Sources */,
				864FD82A25FAD92B005D9EE8 /* SceneDelegate.swift in Sources */,
				86DA110825FAFC3300E81670 /* CameraViewController.swift in Sources */,
			);
			runOnlyForDeploymentPostprocessing = 0;
		};
/* End PBXSourcesBuildPhase section */

/* Begin PBXVariantGroup section */
		864FD82D25FAD92B005D9EE8 /* Main.storyboard */ = {
			isa = PBXVariantGroup;
			children = (
				864FD82E25FAD92B005D9EE8 /* Base */,
			);
			name = Main.storyboard;
			sourceTree = "<group>";
		};
		864FD83225FAD92D005D9EE8 /* LaunchScreen.storyboard */ = {
			isa = PBXVariantGroup;
			children = (
				864FD83325FAD92D005D9EE8 /* Base */,
			);
			name = LaunchScreen.storyboard;
			sourceTree = "<group>";
		};
/* End PBXVariantGroup section */

/* Begin XCBuildConfiguration section */
		864FD83625FAD92E005D9EE8 /* Debug */ = {
			isa = XCBuildConfiguration;
			buildSettings = {
				ALWAYS_SEARCH_USER_PATHS = NO;
				CLANG_ANALYZER_NONNULL = YES;
				CLANG_ANALYZER_NUMBER_OBJECT_CONVERSION = YES_AGGRESSIVE;
				CLANG_CXX_LANGUAGE_STANDARD = "gnu++14";
				CLANG_CXX_LIBRARY = "libc++";
				CLANG_ENABLE_MODULES = YES;
				CLANG_ENABLE_OBJC_ARC = YES;
				CLANG_ENABLE_OBJC_WEAK = YES;
				CLANG_WARN_BLOCK_CAPTURE_AUTORELEASING = YES;
				CLANG_WARN_BOOL_CONVERSION = YES;
				CLANG_WARN_COMMA = YES;
				CLANG_WARN_CONSTANT_CONVERSION = YES;
				CLANG_WARN_DEPRECATED_OBJC_IMPLEMENTATIONS = YES;
				CLANG_WARN_DIRECT_OBJC_ISA_USAGE = YES_ERROR;
				CLANG_WARN_DOCUMENTATION_COMMENTS = YES;
				CLANG_WARN_EMPTY_BODY = YES;
				CLANG_WARN_ENUM_CONVERSION = YES;
				CLANG_WARN_INFINITE_RECURSION = YES;
				CLANG_WARN_INT_CONVERSION = YES;
				CLANG_WARN_NON_LITERAL_NULL_CONVERSION = YES;
				CLANG_WARN_OBJC_IMPLICIT_RETAIN_SELF = YES;
				CLANG_WARN_OBJC_LITERAL_CONVERSION = YES;
				CLANG_WARN_OBJC_ROOT_CLASS = YES_ERROR;
				CLANG_WARN_QUOTED_INCLUDE_IN_FRAMEWORK_HEADER = YES;
				CLANG_WARN_RANGE_LOOP_ANALYSIS = YES;
				CLANG_WARN_STRICT_PROTOTYPES = YES;
				CLANG_WARN_SUSPICIOUS_MOVE = YES;
				CLANG_WARN_UNGUARDED_AVAILABILITY = YES_AGGRESSIVE;
				CLANG_WARN_UNREACHABLE_CODE = YES;
				CLANG_WARN__DUPLICATE_METHOD_MATCH = YES;
				COPY_PHASE_STRIP = NO;
				DEBUG_INFORMATION_FORMAT = dwarf;
				ENABLE_STRICT_OBJC_MSGSEND = YES;
				ENABLE_TESTABILITY = YES;
				GCC_C_LANGUAGE_STANDARD = gnu11;
				GCC_DYNAMIC_NO_PIC = NO;
				GCC_NO_COMMON_BLOCKS = YES;
				GCC_OPTIMIZATION_LEVEL = 0;
				GCC_PREPROCESSOR_DEFINITIONS = (
					"DEBUG=1",
					"$(inherited)",
				);
				GCC_WARN_64_TO_32_BIT_CONVERSION = YES;
				GCC_WARN_ABOUT_RETURN_TYPE = YES_ERROR;
				GCC_WARN_UNDECLARED_SELECTOR = YES;
				GCC_WARN_UNINITIALIZED_AUTOS = YES_AGGRESSIVE;
				GCC_WARN_UNUSED_FUNCTION = YES;
				GCC_WARN_UNUSED_VARIABLE = YES;
				IPHONEOS_DEPLOYMENT_TARGET = 14.4;
				MTL_ENABLE_DEBUG_INFO = INCLUDE_SOURCE;
				MTL_FAST_MATH = YES;
				ONLY_ACTIVE_ARCH = YES;
				SDKROOT = iphoneos;
				SWIFT_ACTIVE_COMPILATION_CONDITIONS = DEBUG;
				SWIFT_OPTIMIZATION_LEVEL = "-Onone";
			};
			name = Debug;
		};
		864FD83725FAD92E005D9EE8 /* Release */ = {
			isa = XCBuildConfiguration;
			buildSettings = {
				ALWAYS_SEARCH_USER_PATHS = NO;
				CLANG_ANALYZER_NONNULL = YES;
				CLANG_ANALYZER_NUMBER_OBJECT_CONVERSION = YES_AGGRESSIVE;
				CLANG_CXX_LANGUAGE_STANDARD = "gnu++14";
				CLANG_CXX_LIBRARY = "libc++";
				CLANG_ENABLE_MODULES = YES;
				CLANG_ENABLE_OBJC_ARC = YES;
				CLANG_ENABLE_OBJC_WEAK = YES;
				CLANG_WARN_BLOCK_CAPTURE_AUTORELEASING = YES;
				CLANG_WARN_BOOL_CONVERSION = YES;
				CLANG_WARN_COMMA = YES;
				CLANG_WARN_CONSTANT_CONVERSION = YES;
				CLANG_WARN_DEPRECATED_OBJC_IMPLEMENTATIONS = YES;
				CLANG_WARN_DIRECT_OBJC_ISA_USAGE = YES_ERROR;
				CLANG_WARN_DOCUMENTATION_COMMENTS = YES;
				CLANG_WARN_EMPTY_BODY = YES;
				CLANG_WARN_ENUM_CONVERSION = YES;
				CLANG_WARN_INFINITE_RECURSION = YES;
				CLANG_WARN_INT_CONVERSION = YES;
				CLANG_WARN_NON_LITERAL_NULL_CONVERSION = YES;
				CLANG_WARN_OBJC_IMPLICIT_RETAIN_SELF = YES;
				CLANG_WARN_OBJC_LITERAL_CONVERSION = YES;
				CLANG_WARN_OBJC_ROOT_CLASS = YES_ERROR;
				CLANG_WARN_QUOTED_INCLUDE_IN_FRAMEWORK_HEADER = YES;
				CLANG_WARN_RANGE_LOOP_ANALYSIS = YES;
				CLANG_WARN_STRICT_PROTOTYPES = YES;
				CLANG_WARN_SUSPICIOUS_MOVE = YES;
				CLANG_WARN_UNGUARDED_AVAILABILITY = YES_AGGRESSIVE;
				CLANG_WARN_UNREACHABLE_CODE = YES;
				CLANG_WARN__DUPLICATE_METHOD_MATCH = YES;
				COPY_PHASE_STRIP = NO;
				DEBUG_INFORMATION_FORMAT = "dwarf-with-dsym";
				ENABLE_NS_ASSERTIONS = NO;
				ENABLE_STRICT_OBJC_MSGSEND = YES;
				GCC_C_LANGUAGE_STANDARD = gnu11;
				GCC_NO_COMMON_BLOCKS = YES;
				GCC_WARN_64_TO_32_BIT_CONVERSION = YES;
				GCC_WARN_ABOUT_RETURN_TYPE = YES_ERROR;
				GCC_WARN_UNDECLARED_SELECTOR = YES;
				GCC_WARN_UNINITIALIZED_AUTOS = YES_AGGRESSIVE;
				GCC_WARN_UNUSED_FUNCTION = YES;
				GCC_WARN_UNUSED_VARIABLE = YES;
				IPHONEOS_DEPLOYMENT_TARGET = 14.4;
				MTL_ENABLE_DEBUG_INFO = NO;
				MTL_FAST_MATH = YES;
				SDKROOT = iphoneos;
				SWIFT_COMPILATION_MODE = wholemodule;
				SWIFT_OPTIMIZATION_LEVEL = "-O";
				VALIDATE_PRODUCT = YES;
			};
			name = Release;
		};
		864FD83925FAD92E005D9EE8 /* Debug */ = {
			isa = XCBuildConfiguration;
			baseConfigurationReference = 97756CD50130623CE9C71883 /* Pods-Instagram.debug.xcconfig */;
			buildSettings = {
				ASSETCATALOG_COMPILER_APPICON_NAME = AppIcon;
				ASSETCATALOG_COMPILER_GLOBAL_ACCENT_COLOR_NAME = AccentColor;
				CODE_SIGN_STYLE = Automatic;
				DEVELOPMENT_TEAM = 47M9MCF5WB;
				INFOPLIST_FILE = Instagram/Info.plist;
				LD_RUNPATH_SEARCH_PATHS = (
					"$(inherited)",
					"@executable_path/Frameworks",
				);
				PRODUCT_BUNDLE_IDENTIFIER = com.dibba.Instagram;
				PRODUCT_NAME = "$(TARGET_NAME)";
				SWIFT_VERSION = 5.0;
				TARGETED_DEVICE_FAMILY = "1,2";
			};
			name = Debug;
		};
		864FD83A25FAD92E005D9EE8 /* Release */ = {
			isa = XCBuildConfiguration;
			baseConfigurationReference = 3BBA24FFF1A06065511A747F /* Pods-Instagram.release.xcconfig */;
			buildSettings = {
				ASSETCATALOG_COMPILER_APPICON_NAME = AppIcon;
				ASSETCATALOG_COMPILER_GLOBAL_ACCENT_COLOR_NAME = AccentColor;
				CODE_SIGN_STYLE = Automatic;
				DEVELOPMENT_TEAM = 47M9MCF5WB;
				INFOPLIST_FILE = Instagram/Info.plist;
				LD_RUNPATH_SEARCH_PATHS = (
					"$(inherited)",
					"@executable_path/Frameworks",
				);
				PRODUCT_BUNDLE_IDENTIFIER = com.dibba.Instagram;
				PRODUCT_NAME = "$(TARGET_NAME)";
				SWIFT_VERSION = 5.0;
				TARGETED_DEVICE_FAMILY = "1,2";
			};
			name = Release;
		};
/* End XCBuildConfiguration section */

/* Begin XCConfigurationList section */
		864FD81F25FAD92B005D9EE8 /* Build configuration list for PBXProject "Instagram" */ = {
			isa = XCConfigurationList;
			buildConfigurations = (
				864FD83625FAD92E005D9EE8 /* Debug */,
				864FD83725FAD92E005D9EE8 /* Release */,
			);
			defaultConfigurationIsVisible = 0;
			defaultConfigurationName = Release;
		};
		864FD83825FAD92E005D9EE8 /* Build configuration list for PBXNativeTarget "Instagram" */ = {
			isa = XCConfigurationList;
			buildConfigurations = (
				864FD83925FAD92E005D9EE8 /* Debug */,
				864FD83A25FAD92E005D9EE8 /* Release */,
			);
			defaultConfigurationIsVisible = 0;
			defaultConfigurationName = Release;
		};
/* End XCConfigurationList section */
	};
	rootObject = 864FD81C25FAD92B005D9EE8 /* Project object */;
}
